
Microsoft Visual Studio Solution File, Format Version 12.00
# Visual Studio 15
VisualStudioVersion = 15.0.28307.329
MinimumVisualStudioVersion = 10.0.40219.1
Project("{FAE04EC0-301F-11D3-BF4B-00C04F79EFBC}") = "FirstWebService", "FirstWebService\FirstWebService.csproj", "{993A0B16-BEBD-4120-AAC7-C7ABD1367C10}"
EndProject
Project("{FAE04EC0-301F-11D3-BF4B-00C04F79EFBC}") = "ClientFirst", "ClientFirst\ClientFirst.csproj", "{870489AD-3074-4D27-A522-5F05FDA7F29B}"
EndProject
Global
	GlobalSection(SolutionConfigurationPlatforms) = preSolution
		Debug|Any CPU = Debug|Any CPU
		Release|Any CPU = Release|Any CPU
	EndGlobalSection
	GlobalSection(ProjectConfigurationPlatforms) = postSolution
		{993A0B16-BEBD-4120-AAC7-C7ABD1367C10}.Debug|Any CPU.ActiveCfg = Debug|Any CPU
		{993A0B16-BEBD-4120-AAC7-C7ABD1367C10}.Debug|Any CPU.Build.0 = Debug|Any CPU
		{993A0B16-BEBD-4120-AAC7-C7ABD1367C10}.Release|Any CPU.ActiveCfg = Release|Any CPU
		{993A0B16-BEBD-4120-AAC7-C7ABD1367C10}.Release|Any CPU.Build.0 = Release|Any CPU
		{870489AD-3074-4D27-A522-5F05FDA7F29B}.Debug|Any CPU.ActiveCfg = Debug|Any CPU
		{870489AD-3074-4D27-A522-5F05FDA7F29B}.Debug|Any CPU.Build.0 = Debug|Any CPU
		{870489AD-3074-4D27-A522-5F05FDA7F29B}.Release|Any CPU.ActiveCfg = Release|Any CPU
		{870489AD-3074-4D27-A522-5F05FDA7F29B}.Release|Any CPU.Build.0 = Release|Any CPU
	EndGlobalSection
	GlobalSection(SolutionProperties) = preSolution
		HideSolutionNode = FALSE
	EndGlobalSection
	GlobalSection(ExtensibilityGlobals) = postSolution
		SolutionGuid = {9BF096C6-1599-4B55-A066-F993E9EC0EA8}
	EndGlobalSection
EndGlobal
